
Microsoft Visual Studio Solution File, Format Version 12.00
# Visual Studio 15
Project("{FAE04EC0-301F-11D3-BF4B-00C04F79EFBC}") = "MeadowRPSLS", "MeadowRPSLS\MeadowRPSLS.csproj", "{69ABE439-EB8F-441E-A5CA-848983784E72}"
EndProject
Project("{FAE04EC0-301F-11D3-BF4B-00C04F79EFBC}") = "MeadowHandheldDemo", "..\HandheldDemo\MeadowHandheldDemo\MeadowHandheldDemo.csproj", "{1B9BC682-D9BB-4287-9AD8-0FB3EC142E2E}"
EndProject
Project("{FAE04EC0-301F-11D3-BF4B-00C04F79EFBC}") = "Displays.GraphicsLibrary", "..\Displays.GraphicsLibrary\Displays.GraphicsLibrary.csproj", "{4D373ED5-553F-4370-A10F-19745C63460D}"
EndProject
Project("{FAE04EC0-301F-11D3-BF4B-00C04F79EFBC}") = "Displays.TFTSPI", "..\Displays.TFTSPI\Displays.TFTSPI.csproj", "{03DA0CDF-1EB5-4ACB-81C3-F4EF8B81D245}"
EndProject
Project("{2150E333-8FDC-42A3-9474-1A3956D46DE8}") = "External", "External", "{25992D63-0DD6-4845-986D-6594AAB4649B}"
EndProject
Global
	GlobalSection(SolutionConfigurationPlatforms) = preSolution
		Debug|Any CPU = Debug|Any CPU
		Release|Any CPU = Release|Any CPU
	EndGlobalSection
	GlobalSection(ProjectConfigurationPlatforms) = postSolution
		{69ABE439-EB8F-441E-A5CA-848983784E72}.Debug|Any CPU.ActiveCfg = Debug|Any CPU
		{69ABE439-EB8F-441E-A5CA-848983784E72}.Debug|Any CPU.Build.0 = Debug|Any CPU
		{69ABE439-EB8F-441E-A5CA-848983784E72}.Release|Any CPU.ActiveCfg = Release|Any CPU
		{69ABE439-EB8F-441E-A5CA-848983784E72}.Release|Any CPU.Build.0 = Release|Any CPU
		{1B9BC682-D9BB-4287-9AD8-0FB3EC142E2E}.Debug|Any CPU.ActiveCfg = Debug|Any CPU
		{1B9BC682-D9BB-4287-9AD8-0FB3EC142E2E}.Debug|Any CPU.Build.0 = Debug|Any CPU
		{1B9BC682-D9BB-4287-9AD8-0FB3EC142E2E}.Release|Any CPU.ActiveCfg = Release|Any CPU
		{1B9BC682-D9BB-4287-9AD8-0FB3EC142E2E}.Release|Any CPU.Build.0 = Release|Any CPU
		{4D373ED5-553F-4370-A10F-19745C63460D}.Debug|Any CPU.ActiveCfg = Debug|Any CPU
		{4D373ED5-553F-4370-A10F-19745C63460D}.Debug|Any CPU.Build.0 = Debug|Any CPU
		{4D373ED5-553F-4370-A10F-19745C63460D}.Release|Any CPU.ActiveCfg = Release|Any CPU
		{4D373ED5-553F-4370-A10F-19745C63460D}.Release|Any CPU.Build.0 = Release|Any CPU
		{03DA0CDF-1EB5-4ACB-81C3-F4EF8B81D245}.Debug|Any CPU.ActiveCfg = Debug|Any CPU
		{03DA0CDF-1EB5-4ACB-81C3-F4EF8B81D245}.Debug|Any CPU.Build.0 = Debug|Any CPU
		{03DA0CDF-1EB5-4ACB-81C3-F4EF8B81D245}.Release|Any CPU.ActiveCfg = Release|Any CPU
		{03DA0CDF-1EB5-4ACB-81C3-F4EF8B81D245}.Release|Any CPU.Build.0 = Release|Any CPU
	EndGlobalSection
	GlobalSection(NestedProjects) = preSolution
	EndGlobalSection
EndGlobal
